
Microsoft Visual Studio Solution File, Format Version 12.00
# Visual Studio 15
VisualStudioVersion = 15.0.28307.757
MinimumVisualStudioVersion = 10.0.40219.1
Project("{FAE04EC0-301F-11D3-BF4B-00C04F79EFBC}") = "Ecommerce", "Ecommerce\Ecommerce.csproj", "{DB9BD68B-934F-4FC1-9CB8-5BA7FFA9A059}"
EndProject
Global
	GlobalSection(SolutionConfigurationPlatforms) = preSolution
		Debug|Any CPU = Debug|Any CPU
		Release|Any CPU = Release|Any CPU
	EndGlobalSection
	GlobalSection(ProjectConfigurationPlatforms) = postSolution
		{DB9BD68B-934F-4FC1-9CB8-5BA7FFA9A059}.Debug|Any CPU.ActiveCfg = Debug|Any CPU
		{DB9BD68B-934F-4FC1-9CB8-5BA7FFA9A059}.Debug|Any CPU.Build.0 = Debug|Any CPU
		{DB9BD68B-934F-4FC1-9CB8-5BA7FFA9A059}.Release|Any CPU.ActiveCfg = Release|Any CPU
		{DB9BD68B-934F-4FC1-9CB8-5BA7FFA9A059}.Release|Any CPU.Build.0 = Release|Any CPU
	EndGlobalSection
	GlobalSection(SolutionProperties) = preSolution
		HideSolutionNode = FALSE
	EndGlobalSection
	GlobalSection(ExtensibilityGlobals) = postSolution
		SolutionGuid = {240232A7-4810-4FF1-B9B6-2E96C518BA53}
	EndGlobalSection
EndGlobal
